
Microsoft Visual Studio Solution File, Format Version 12.00
# Visual Studio 14
VisualStudioVersion = 14.0.25420.1
MinimumVisualStudioVersion = 10.0.40219.1
Project("{00D1A9C2-B5F0-4AF3-8072-F6C62B433612}") = "KnowYourKnockout.Database", "KnowYourKnockout.Database\KnowYourKnockout.Database.sqlproj", "{91CD9F3B-81A2-470D-B6DB-5643AA824118}"
EndProject
Project("{8BB2217D-0F2D-49D1-97BC-3654ED321F3B}") = "KnowYourKnockout.Web.Api", "KnowYourKnockout.Web.Api\KnowYourKnockout.Web.Api.xproj", "{EAD77D6F-5983-4B65-AEC2-28E47C8F229D}"
EndProject
Project("{8BB2217D-0F2D-49D1-97BC-3654ED321F3B}") = "KnowYourKnockout.Web.Ui", "KnowYourKnockout.Web.Ui\KnowYourKnockout.Web.Ui.xproj", "{13E43A5E-FFC5-409E-A5F9-BC46AEAB673E}"
EndProject
Project("{8BB2217D-0F2D-49D1-97BC-3654ED321F3B}") = "KnowYourKnockout.Data", "KnowYourKnockout.Data\KnowYourKnockout.Data.xproj", "{D2355B42-76A0-4F3A-BE0D-A7472ED3696C}"
EndProject
Project("{8BB2217D-0F2D-49D1-97BC-3654ED321F3B}") = "KnowYourKnockout.Business", "KnowYourKnockout.Business\KnowYourKnockout.Business.xproj", "{556DE24F-542E-4D4D-BDB0-10DB3845C83B}"
EndProject
Global
	GlobalSection(SolutionConfigurationPlatforms) = preSolution
		Debug|Any CPU = Debug|Any CPU
		Release|Any CPU = Release|Any CPU
	EndGlobalSection
	GlobalSection(ProjectConfigurationPlatforms) = postSolution
		{91CD9F3B-81A2-470D-B6DB-5643AA824118}.Debug|Any CPU.ActiveCfg = Debug|Any CPU
		{91CD9F3B-81A2-470D-B6DB-5643AA824118}.Debug|Any CPU.Build.0 = Debug|Any CPU
		{91CD9F3B-81A2-470D-B6DB-5643AA824118}.Debug|Any CPU.Deploy.0 = Debug|Any CPU
		{91CD9F3B-81A2-470D-B6DB-5643AA824118}.Release|Any CPU.ActiveCfg = Release|Any CPU
		{91CD9F3B-81A2-470D-B6DB-5643AA824118}.Release|Any CPU.Build.0 = Release|Any CPU
		{91CD9F3B-81A2-470D-B6DB-5643AA824118}.Release|Any CPU.Deploy.0 = Release|Any CPU
		{EAD77D6F-5983-4B65-AEC2-28E47C8F229D}.Debug|Any CPU.ActiveCfg = Debug|Any CPU
		{EAD77D6F-5983-4B65-AEC2-28E47C8F229D}.Debug|Any CPU.Build.0 = Debug|Any CPU
		{EAD77D6F-5983-4B65-AEC2-28E47C8F229D}.Release|Any CPU.ActiveCfg = Release|Any CPU
		{EAD77D6F-5983-4B65-AEC2-28E47C8F229D}.Release|Any CPU.Build.0 = Release|Any CPU
		{13E43A5E-FFC5-409E-A5F9-BC46AEAB673E}.Debug|Any CPU.ActiveCfg = Debug|Any CPU
		{13E43A5E-FFC5-409E-A5F9-BC46AEAB673E}.Debug|Any CPU.Build.0 = Debug|Any CPU
		{13E43A5E-FFC5-409E-A5F9-BC46AEAB673E}.Release|Any CPU.ActiveCfg = Release|Any CPU
		{13E43A5E-FFC5-409E-A5F9-BC46AEAB673E}.Release|Any CPU.Build.0 = Release|Any CPU
		{D2355B42-76A0-4F3A-BE0D-A7472ED3696C}.Debug|Any CPU.ActiveCfg = Debug|Any CPU
		{D2355B42-76A0-4F3A-BE0D-A7472ED3696C}.Debug|Any CPU.Build.0 = Debug|Any CPU
		{D2355B42-76A0-4F3A-BE0D-A7472ED3696C}.Release|Any CPU.ActiveCfg = Release|Any CPU
		{D2355B42-76A0-4F3A-BE0D-A7472ED3696C}.Release|Any CPU.Build.0 = Release|Any CPU
		{556DE24F-542E-4D4D-BDB0-10DB3845C83B}.Debug|Any CPU.ActiveCfg = Debug|Any CPU
		{556DE24F-542E-4D4D-BDB0-10DB3845C83B}.Debug|Any CPU.Build.0 = Debug|Any CPU
		{556DE24F-542E-4D4D-BDB0-10DB3845C83B}.Release|Any CPU.ActiveCfg = Release|Any CPU
		{556DE24F-542E-4D4D-BDB0-10DB3845C83B}.Release|Any CPU.Build.0 = Release|Any CPU
	EndGlobalSection
	GlobalSection(SolutionProperties) = preSolution
		HideSolutionNode = FALSE
	EndGlobalSection
EndGlobal
