
Microsoft Visual Studio Solution File, Format Version 12.00
# Visual Studio 14
VisualStudioVersion = 14.0.25420.1
MinimumVisualStudioVersion = 10.0.40219.1
Project("{00D1A9C2-B5F0-4AF3-8072-F6C62B433612}") = "KnowYourKnockout.Database", "KnowYourKnockout.Database\KnowYourKnockout.Database.sqlproj", "{91CD9F3B-81A2-470D-B6DB-5643AA824118}"
EndProject
Project("{8BB2217D-0F2D-49D1-97BC-3654ED321F3B}") = "KnowYourKnockout.Web.Api", "KnowYourKnockout.Web.Api\KnowYourKnockout.Web.Api.xproj", "{EAD77D6F-5983-4B65-AEC2-28E47C8F229D}"
EndProject
Project("{8BB2217D-0F2D-49D1-97BC-3654ED321F3B}") = "KnowYourKnockout.Data", "KnowYourKnockout.Data\KnowYourKnockout.Data.xproj", "{D2355B42-76A0-4F3A-BE0D-A7472ED3696C}"
EndProject
Project("{8BB2217D-0F2D-49D1-97BC-3654ED321F3B}") = "KnowYourKnockout.Business", "KnowYourKnockout.Business\KnowYourKnockout.Business.xproj", "{556DE24F-542E-4D4D-BDB0-10DB3845C83B}"
EndProject
Project("{8BB2217D-0F2D-49D1-97BC-3654ED321F3B}") = "KnowYourKnockout.Common", "KnowYourKnockout.Common\KnowYourKnockout.Common.xproj", "{A2E61CEE-54D2-4517-A25E-4F4F2828538D}"
EndProject
Project("{2150E333-8FDC-42A3-9474-1A3956D46DE8}") = "Solution Items", "Solution Items", "{CDA89029-765A-4683-B321-5D9EBF2237EF}"
	ProjectSection(SolutionItems) = preProject
		.gitignore = .gitignore
		LICENSE = LICENSE
		README.md = README.md
	EndProjectSection
EndProject
Project("{2150E333-8FDC-42A3-9474-1A3956D46DE8}") = "Tests", "Tests", "{25032BD4-CF3D-4393-80CB-19020B620F0F}"
EndProject
Project("{8BB2217D-0F2D-49D1-97BC-3654ED321F3B}") = "KnowYourKnockout.Utility", "KnowYourKnockout.Utility\KnowYourKnockout.Utility.xproj", "{3B51FD24-5D50-4A18-AD40-CF658E935A65}"
EndProject
Project("{8BB2217D-0F2D-49D1-97BC-3654ED321F3B}") = "EODG.FirebaseAuth", "EODG.FirebaseAuthTool\EODG.FirebaseAuth.xproj", "{F2A3A0E6-B85B-46F4-9974-EBE09AB39193}"
EndProject
Project("{8BB2217D-0F2D-49D1-97BC-3654ED321F3B}") = "ConsoleSandboxTester", "ConsoleSandboxTester\ConsoleSandboxTester.xproj", "{D7D836C1-0EA9-4E62-9CC3-64439EB4C639}"
EndProject
Global
	GlobalSection(SolutionConfigurationPlatforms) = preSolution
		Debug|Any CPU = Debug|Any CPU
		Release|Any CPU = Release|Any CPU
	EndGlobalSection
	GlobalSection(ProjectConfigurationPlatforms) = postSolution
		{91CD9F3B-81A2-470D-B6DB-5643AA824118}.Debug|Any CPU.ActiveCfg = Debug|Any CPU
		{91CD9F3B-81A2-470D-B6DB-5643AA824118}.Debug|Any CPU.Build.0 = Debug|Any CPU
		{91CD9F3B-81A2-470D-B6DB-5643AA824118}.Debug|Any CPU.Deploy.0 = Debug|Any CPU
		{91CD9F3B-81A2-470D-B6DB-5643AA824118}.Release|Any CPU.ActiveCfg = Release|Any CPU
		{91CD9F3B-81A2-470D-B6DB-5643AA824118}.Release|Any CPU.Build.0 = Release|Any CPU
		{91CD9F3B-81A2-470D-B6DB-5643AA824118}.Release|Any CPU.Deploy.0 = Release|Any CPU
		{EAD77D6F-5983-4B65-AEC2-28E47C8F229D}.Debug|Any CPU.ActiveCfg = Debug|Any CPU
		{EAD77D6F-5983-4B65-AEC2-28E47C8F229D}.Debug|Any CPU.Build.0 = Debug|Any CPU
		{EAD77D6F-5983-4B65-AEC2-28E47C8F229D}.Release|Any CPU.ActiveCfg = Release|Any CPU
		{EAD77D6F-5983-4B65-AEC2-28E47C8F229D}.Release|Any CPU.Build.0 = Release|Any CPU
		{D2355B42-76A0-4F3A-BE0D-A7472ED3696C}.Debug|Any CPU.ActiveCfg = Debug|Any CPU
		{D2355B42-76A0-4F3A-BE0D-A7472ED3696C}.Debug|Any CPU.Build.0 = Debug|Any CPU
		{D2355B42-76A0-4F3A-BE0D-A7472ED3696C}.Release|Any CPU.ActiveCfg = Release|Any CPU
		{D2355B42-76A0-4F3A-BE0D-A7472ED3696C}.Release|Any CPU.Build.0 = Release|Any CPU
		{556DE24F-542E-4D4D-BDB0-10DB3845C83B}.Debug|Any CPU.ActiveCfg = Debug|Any CPU
		{556DE24F-542E-4D4D-BDB0-10DB3845C83B}.Debug|Any CPU.Build.0 = Debug|Any CPU
		{556DE24F-542E-4D4D-BDB0-10DB3845C83B}.Release|Any CPU.ActiveCfg = Release|Any CPU
		{556DE24F-542E-4D4D-BDB0-10DB3845C83B}.Release|Any CPU.Build.0 = Release|Any CPU
		{A2E61CEE-54D2-4517-A25E-4F4F2828538D}.Debug|Any CPU.ActiveCfg = Debug|Any CPU
		{A2E61CEE-54D2-4517-A25E-4F4F2828538D}.Debug|Any CPU.Build.0 = Debug|Any CPU
		{A2E61CEE-54D2-4517-A25E-4F4F2828538D}.Release|Any CPU.ActiveCfg = Release|Any CPU
		{A2E61CEE-54D2-4517-A25E-4F4F2828538D}.Release|Any CPU.Build.0 = Release|Any CPU
		{3B51FD24-5D50-4A18-AD40-CF658E935A65}.Debug|Any CPU.ActiveCfg = Debug|Any CPU
		{3B51FD24-5D50-4A18-AD40-CF658E935A65}.Debug|Any CPU.Build.0 = Debug|Any CPU
		{3B51FD24-5D50-4A18-AD40-CF658E935A65}.Release|Any CPU.ActiveCfg = Release|Any CPU
		{3B51FD24-5D50-4A18-AD40-CF658E935A65}.Release|Any CPU.Build.0 = Release|Any CPU
		{F2A3A0E6-B85B-46F4-9974-EBE09AB39193}.Debug|Any CPU.ActiveCfg = Debug|Any CPU
		{F2A3A0E6-B85B-46F4-9974-EBE09AB39193}.Debug|Any CPU.Build.0 = Debug|Any CPU
		{F2A3A0E6-B85B-46F4-9974-EBE09AB39193}.Release|Any CPU.ActiveCfg = Release|Any CPU
		{F2A3A0E6-B85B-46F4-9974-EBE09AB39193}.Release|Any CPU.Build.0 = Release|Any CPU
		{D7D836C1-0EA9-4E62-9CC3-64439EB4C639}.Debug|Any CPU.ActiveCfg = Debug|Any CPU
		{D7D836C1-0EA9-4E62-9CC3-64439EB4C639}.Debug|Any CPU.Build.0 = Debug|Any CPU
		{D7D836C1-0EA9-4E62-9CC3-64439EB4C639}.Release|Any CPU.ActiveCfg = Release|Any CPU
		{D7D836C1-0EA9-4E62-9CC3-64439EB4C639}.Release|Any CPU.Build.0 = Release|Any CPU
	EndGlobalSection
	GlobalSection(SolutionProperties) = preSolution
		HideSolutionNode = FALSE
	EndGlobalSection
EndGlobal
